
Microsoft Visual Studio Solution File, Format Version 12.00
# Visual Studio Version 16
VisualStudioVersion = 16.0.29102.190
MinimumVisualStudioVersion = 10.0.40219.1
Project("{9A19103F-16F7-4668-BE54-9A1E7A4F7556}") = "MyFinanceServer", "MyFinanceServer\MyFinanceServer.csproj", "{D3421DBC-363B-447D-8958-4DF137B7D732}"
EndProject
Project("{9A19103F-16F7-4668-BE54-9A1E7A4F7556}") = "UnitTests", "UnitTests\UnitTests.csproj", "{34E7BE67-1216-4961-98CC-646FC4441369}"
EndProject
Project("{9A19103F-16F7-4668-BE54-9A1E7A4F7556}") = "IntegrationTests", "IntegrationTests\IntegrationTests.csproj", "{68F555AC-BFBB-4747-8555-00A337CDD5A3}"
EndProject
Project("{2150E333-8FDC-42A3-9474-1A3956D46DE8}") = "Tests", "Tests", "{4649F453-6E74-4072-B2A6-7CB5988523D1}"
EndProject
Global
	GlobalSection(SolutionConfigurationPlatforms) = preSolution
		Debug|Any CPU = Debug|Any CPU
		Release|Any CPU = Release|Any CPU
	EndGlobalSection
	GlobalSection(ProjectConfigurationPlatforms) = postSolution
		{D3421DBC-363B-447D-8958-4DF137B7D732}.Debug|Any CPU.ActiveCfg = Debug|Any CPU
		{D3421DBC-363B-447D-8958-4DF137B7D732}.Debug|Any CPU.Build.0 = Debug|Any CPU
		{D3421DBC-363B-447D-8958-4DF137B7D732}.Release|Any CPU.ActiveCfg = Release|Any CPU
		{D3421DBC-363B-447D-8958-4DF137B7D732}.Release|Any CPU.Build.0 = Release|Any CPU
		{34E7BE67-1216-4961-98CC-646FC4441369}.Debug|Any CPU.ActiveCfg = Debug|Any CPU
		{34E7BE67-1216-4961-98CC-646FC4441369}.Debug|Any CPU.Build.0 = Debug|Any CPU
		{34E7BE67-1216-4961-98CC-646FC4441369}.Release|Any CPU.ActiveCfg = Release|Any CPU
		{34E7BE67-1216-4961-98CC-646FC4441369}.Release|Any CPU.Build.0 = Release|Any CPU
		{68F555AC-BFBB-4747-8555-00A337CDD5A3}.Debug|Any CPU.ActiveCfg = Debug|Any CPU
		{68F555AC-BFBB-4747-8555-00A337CDD5A3}.Debug|Any CPU.Build.0 = Debug|Any CPU
		{68F555AC-BFBB-4747-8555-00A337CDD5A3}.Release|Any CPU.ActiveCfg = Release|Any CPU
		{68F555AC-BFBB-4747-8555-00A337CDD5A3}.Release|Any CPU.Build.0 = Release|Any CPU
	EndGlobalSection
	GlobalSection(SolutionProperties) = preSolution
		HideSolutionNode = FALSE
	EndGlobalSection
	GlobalSection(NestedProjects) = preSolution
		{34E7BE67-1216-4961-98CC-646FC4441369} = {4649F453-6E74-4072-B2A6-7CB5988523D1}
		{68F555AC-BFBB-4747-8555-00A337CDD5A3} = {4649F453-6E74-4072-B2A6-7CB5988523D1}
	EndGlobalSection
	GlobalSection(ExtensibilityGlobals) = postSolution
		SolutionGuid = {D3376287-CFC8-45FA-991A-574C494815C9}
	EndGlobalSection
EndGlobal
